// !$*UTF8*$!
{
	archiveVersion = 1;
	classes = {
	};
	objectVersion = 46;
	objects = {

/* Begin PBXBuildFile section */
		2E049EDA0257DBB6A99D8B806AE2D4F3 /* UITableViewVibrantCell.swift in Sources */ = {isa = PBXBuildFile; fileRef = 38FF13F0BB1AB42B2F1C6A72A59BD82F /* UITableViewVibrantCell.swift */; };
		2F5E5FC7D0E78D5FB96D7597AAB3802D /* UISideMenuNavigationController.swift in Sources */ = {isa = PBXBuildFile; fileRef = EA4F5E4E267C03BAC23C64C2DEC825B6 /* UISideMenuNavigationController.swift */; };
		59CCA553083CC109238D04A2A97D1A4C /* SideMenu-dummy.m in Sources */ = {isa = PBXBuildFile; fileRef = 1FEFF7ED29543D1E78DEE7A6BB17CADE /* SideMenu-dummy.m */; };
		5FAE6A5DC35D9AA138728913423D643E /* Pods-ARBusinessCard-dummy.m in Sources */ = {isa = PBXBuildFile; fileRef = FD52EE1918CB13433014599109534F19 /* Pods-ARBusinessCard-dummy.m */; };
		7AE706938C3A796C954E4981ECBC4637 /* SideMenuManager.swift in Sources */ = {isa = PBXBuildFile; fileRef = 0049F4BA49D06E8F4C1A0DF192A1FB11 /* SideMenuManager.swift */; };
		9817948367DE04628C88B92765B7F610 /* SideMenuTransition.swift in Sources */ = {isa = PBXBuildFile; fileRef = A9DB323BB3B2B0A52D555C01DBCD0305 /* SideMenuTransition.swift */; };
		A27BADE283FD8C69D87093CCDDF1E6DA /* SideMenu-umbrella.h in Headers */ = {isa = PBXBuildFile; fileRef = 7A697DF2FCE66AA6D825AB2713FAFD4E /* SideMenu-umbrella.h */; settings = {ATTRIBUTES = (Public, ); }; };
		BA8082C733E75B6AEFB08F29033F84A6 /* Pods-ARBusinessCard-umbrella.h in Headers */ = {isa = PBXBuildFile; fileRef = 8F12B781E8CCCD8AF7F059454137BE69 /* Pods-ARBusinessCard-umbrella.h */; settings = {ATTRIBUTES = (Public, ); }; };
		C402C172A27D3B94C3F8B780F79899E2 /* Foundation.framework in Frameworks */ = {isa = PBXBuildFile; fileRef = 5A16F4CFC63FAC439D7A04994F579A03 /* Foundation.framework */; };
		FA8CA9809B33B6DFB661466B38C59DB1 /* Foundation.framework in Frameworks */ = {isa = PBXBuildFile; fileRef = 5A16F4CFC63FAC439D7A04994F579A03 /* Foundation.framework */; };
/* End PBXBuildFile section */

/* Begin PBXContainerItemProxy section */
		B5E794AB26C41175941E444F4258F90B /* PBXContainerItemProxy */ = {
			isa = PBXContainerItemProxy;
			containerPortal = D41D8CD98F00B204E9800998ECF8427E /* Project object */;
			proxyType = 1;
			remoteGlobalIDString = 9E499A5825ACE1397E3BEEC01AB4C2F3;
			remoteInfo = SideMenu;
		};
/* End PBXContainerItemProxy section */

/* Begin PBXFileReference section */
		0049F4BA49D06E8F4C1A0DF192A1FB11 /* SideMenuManager.swift */ = {isa = PBXFileReference; includeInIndex = 1; lastKnownFileType = sourcecode.swift; name = SideMenuManager.swift; path = Pod/Classes/SideMenuManager.swift; sourceTree = "<group>"; };
		07CC4B78F4FE01D5A92F532BB5B23443 /* Pods-ARBusinessCard-acknowledgements.plist */ = {isa = PBXFileReference; includeInIndex = 1; lastKnownFileType = text.plist.xml; path = "Pods-ARBusinessCard-acknowledgements.plist"; sourceTree = "<group>"; };
		0AC3F6E2B85B64D7AED49071CEB17CA8 /* SideMenu-prefix.pch */ = {isa = PBXFileReference; includeInIndex = 1; lastKnownFileType = sourcecode.c.h; path = "SideMenu-prefix.pch"; sourceTree = "<group>"; };
		1FEFF7ED29543D1E78DEE7A6BB17CADE /* SideMenu-dummy.m */ = {isa = PBXFileReference; includeInIndex = 1; lastKnownFileType = sourcecode.c.objc; path = "SideMenu-dummy.m"; sourceTree = "<group>"; };
		3758C7FF89F63D4DFD60943881D889D7 /* Pods-ARBusinessCard-resources.sh */ = {isa = PBXFileReference; includeInIndex = 1; lastKnownFileType = text.script.sh; path = "Pods-ARBusinessCard-resources.sh"; sourceTree = "<group>"; };
		38FF13F0BB1AB42B2F1C6A72A59BD82F /* UITableViewVibrantCell.swift */ = {isa = PBXFileReference; includeInIndex = 1; lastKnownFileType = sourcecode.swift; name = UITableViewVibrantCell.swift; path = Pod/Classes/UITableViewVibrantCell.swift; sourceTree = "<group>"; };
		3FD8D8C43C51D1752D0C671C09185F62 /* Pods-ARBusinessCard.debug.xcconfig */ = {isa = PBXFileReference; includeInIndex = 1; lastKnownFileType = text.xcconfig; path = "Pods-ARBusinessCard.debug.xcconfig"; sourceTree = "<group>"; };
		4DA0D3C32AA7717A758C1742AA82D23A /* SideMenu.framework */ = {isa = PBXFileReference; explicitFileType = wrapper.framework; includeInIndex = 0; path = SideMenu.framework; sourceTree = BUILT_PRODUCTS_DIR; };
		5A16F4CFC63FAC439D7A04994F579A03 /* Foundation.framework */ = {isa = PBXFileReference; lastKnownFileType = wrapper.framework; name = Foundation.framework; path = Platforms/iPhoneOS.platform/Developer/SDKs/iPhoneOS11.3.sdk/System/Library/Frameworks/Foundation.framework; sourceTree = DEVELOPER_DIR; };
		606BD2B50ED98151BB84DE476A541232 /* SideMenu.modulemap */ = {isa = PBXFileReference; includeInIndex = 1; lastKnownFileType = sourcecode.module; path = SideMenu.modulemap; sourceTree = "<group>"; };
		779273BC1AFF7FBBE785CDFA5AA7E584 /* Pods-ARBusinessCard-frameworks.sh */ = {isa = PBXFileReference; includeInIndex = 1; lastKnownFileType = text.script.sh; path = "Pods-ARBusinessCard-frameworks.sh"; sourceTree = "<group>"; };
		7A697DF2FCE66AA6D825AB2713FAFD4E /* SideMenu-umbrella.h */ = {isa = PBXFileReference; includeInIndex = 1; lastKnownFileType = sourcecode.c.h; path = "SideMenu-umbrella.h"; sourceTree = "<group>"; };
		8F12B781E8CCCD8AF7F059454137BE69 /* Pods-ARBusinessCard-umbrella.h */ = {isa = PBXFileReference; includeInIndex = 1; lastKnownFileType = sourcecode.c.h; path = "Pods-ARBusinessCard-umbrella.h"; sourceTree = "<group>"; };
		93A4A3777CF96A4AAC1D13BA6DCCEA73 /* Podfile */ = {isa = PBXFileReference; explicitFileType = text.script.ruby; includeInIndex = 1; name = Podfile; path = ../Podfile; sourceTree = SOURCE_ROOT; xcLanguageSpecificationIdentifier = xcode.lang.ruby; };
		93B28B92E61781B63D17567D924E07D3 /* Pods-ARBusinessCard-acknowledgements.markdown */ = {isa = PBXFileReference; includeInIndex = 1; lastKnownFileType = text; path = "Pods-ARBusinessCard-acknowledgements.markdown"; sourceTree = "<group>"; };
		A9DB323BB3B2B0A52D555C01DBCD0305 /* SideMenuTransition.swift */ = {isa = PBXFileReference; includeInIndex = 1; lastKnownFileType = sourcecode.swift; name = SideMenuTransition.swift; path = Pod/Classes/SideMenuTransition.swift; sourceTree = "<group>"; };
		AA614BFCCB934EEE277B7EDCCC69E059 /* Pods_ARBusinessCard.framework */ = {isa = PBXFileReference; explicitFileType = wrapper.framework; includeInIndex = 0; path = Pods_ARBusinessCard.framework; sourceTree = BUILT_PRODUCTS_DIR; };
		B6379EE963F9B3283A7611559B58B944 /* Pods-ARBusinessCard.release.xcconfig */ = {isa = PBXFileReference; includeInIndex = 1; lastKnownFileType = text.xcconfig; path = "Pods-ARBusinessCard.release.xcconfig"; sourceTree = "<group>"; };
		CEF99539DCCF88E2D43ACB9F045DEEDB /* Info.plist */ = {isa = PBXFileReference; includeInIndex = 1; lastKnownFileType = text.plist.xml; path = Info.plist; sourceTree = "<group>"; };
		D42B26A3BDC681152E431A37FED8AC1E /* Pods-ARBusinessCard.modulemap */ = {isa = PBXFileReference; includeInIndex = 1; lastKnownFileType = sourcecode.module; path = "Pods-ARBusinessCard.modulemap"; sourceTree = "<group>"; };
		EA4F5E4E267C03BAC23C64C2DEC825B6 /* UISideMenuNavigationController.swift */ = {isa = PBXFileReference; includeInIndex = 1; lastKnownFileType = sourcecode.swift; name = UISideMenuNavigationController.swift; path = Pod/Classes/UISideMenuNavigationController.swift; sourceTree = "<group>"; };
		EEAAA6BFA12D55FE654249B89D709200 /* Info.plist */ = {isa = PBXFileReference; includeInIndex = 1; lastKnownFileType = text.plist.xml; path = Info.plist; sourceTree = "<group>"; };
		F6A324E319F34D41C7D0ED3E277A50CD /* SideMenu.xcconfig */ = {isa = PBXFileReference; includeInIndex = 1; lastKnownFileType = text.xcconfig; path = SideMenu.xcconfig; sourceTree = "<group>"; };
		FD52EE1918CB13433014599109534F19 /* Pods-ARBusinessCard-dummy.m */ = {isa = PBXFileReference; includeInIndex = 1; lastKnownFileType = sourcecode.c.objc; path = "Pods-ARBusinessCard-dummy.m"; sourceTree = "<group>"; };
/* End PBXFileReference section */

/* Begin PBXFrameworksBuildPhase section */
		3DDC86D9CB22F12FB64B6DFECFA7C417 /* Frameworks */ = {
			isa = PBXFrameworksBuildPhase;
			buildActionMask = 2147483647;
			files = (
				FA8CA9809B33B6DFB661466B38C59DB1 /* Foundation.framework in Frameworks */,
			);
			runOnlyForDeploymentPostprocessing = 0;
		};
		5A8D7C2BAD8B5C35768BF8AA1ADF24C9 /* Frameworks */ = {
			isa = PBXFrameworksBuildPhase;
			buildActionMask = 2147483647;
			files = (
				C402C172A27D3B94C3F8B780F79899E2 /* Foundation.framework in Frameworks */,
			);
			runOnlyForDeploymentPostprocessing = 0;
		};
/* End PBXFrameworksBuildPhase section */

/* Begin PBXGroup section */
		0588B462469020386FC4A4F5450A2C47 /* Support Files */ = {
			isa = PBXGroup;
			children = (
				EEAAA6BFA12D55FE654249B89D709200 /* Info.plist */,
				606BD2B50ED98151BB84DE476A541232 /* SideMenu.modulemap */,
				F6A324E319F34D41C7D0ED3E277A50CD /* SideMenu.xcconfig */,
				1FEFF7ED29543D1E78DEE7A6BB17CADE /* SideMenu-dummy.m */,
				0AC3F6E2B85B64D7AED49071CEB17CA8 /* SideMenu-prefix.pch */,
				7A697DF2FCE66AA6D825AB2713FAFD4E /* SideMenu-umbrella.h */,
			);
			name = "Support Files";
			path = "../Target Support Files/SideMenu";
			sourceTree = "<group>";
		};
		14F341E430FE0B6D1A379428FDBBAE50 /* Pods-ARBusinessCard */ = {
			isa = PBXGroup;
			children = (
				CEF99539DCCF88E2D43ACB9F045DEEDB /* Info.plist */,
				D42B26A3BDC681152E431A37FED8AC1E /* Pods-ARBusinessCard.modulemap */,
				93B28B92E61781B63D17567D924E07D3 /* Pods-ARBusinessCard-acknowledgements.markdown */,
				07CC4B78F4FE01D5A92F532BB5B23443 /* Pods-ARBusinessCard-acknowledgements.plist */,
				FD52EE1918CB13433014599109534F19 /* Pods-ARBusinessCard-dummy.m */,
				779273BC1AFF7FBBE785CDFA5AA7E584 /* Pods-ARBusinessCard-frameworks.sh */,
				3758C7FF89F63D4DFD60943881D889D7 /* Pods-ARBusinessCard-resources.sh */,
				8F12B781E8CCCD8AF7F059454137BE69 /* Pods-ARBusinessCard-umbrella.h */,
				3FD8D8C43C51D1752D0C671C09185F62 /* Pods-ARBusinessCard.debug.xcconfig */,
				B6379EE963F9B3283A7611559B58B944 /* Pods-ARBusinessCard.release.xcconfig */,
			);
			name = "Pods-ARBusinessCard";
			path = "Target Support Files/Pods-ARBusinessCard";
			sourceTree = "<group>";
		};
		2F9019D44CA6FCD20B689532058A3732 /* Products */ = {
			isa = PBXGroup;
			children = (
				AA614BFCCB934EEE277B7EDCCC69E059 /* Pods_ARBusinessCard.framework */,
				4DA0D3C32AA7717A758C1742AA82D23A /* SideMenu.framework */,
			);
			name = Products;
			sourceTree = "<group>";
		};
		4C7DECB9505A3661801AB8D77F9249EF /* Pods */ = {
			isa = PBXGroup;
			children = (
				6139AD2A3B1702A32298B3F55914EA43 /* SideMenu */,
			);
			name = Pods;
			sourceTree = "<group>";
		};
		576325080FF35010DDF16C50991B2661 /* Targets Support Files */ = {
			isa = PBXGroup;
			children = (
				14F341E430FE0B6D1A379428FDBBAE50 /* Pods-ARBusinessCard */,
			);
			name = "Targets Support Files";
			sourceTree = "<group>";
		};
		5E0D919E635D23B70123790B8308F8EF /* iOS */ = {
			isa = PBXGroup;
			children = (
				5A16F4CFC63FAC439D7A04994F579A03 /* Foundation.framework */,
			);
			name = iOS;
			sourceTree = "<group>";
		};
		6139AD2A3B1702A32298B3F55914EA43 /* SideMenu */ = {
			isa = PBXGroup;
			children = (
				0049F4BA49D06E8F4C1A0DF192A1FB11 /* SideMenuManager.swift */,
				A9DB323BB3B2B0A52D555C01DBCD0305 /* SideMenuTransition.swift */,
				EA4F5E4E267C03BAC23C64C2DEC825B6 /* UISideMenuNavigationController.swift */,
				38FF13F0BB1AB42B2F1C6A72A59BD82F /* UITableViewVibrantCell.swift */,
				0588B462469020386FC4A4F5450A2C47 /* Support Files */,
			);
			path = SideMenu;
			sourceTree = "<group>";
		};
		7DB346D0F39D3F0E887471402A8071AB = {
			isa = PBXGroup;
			children = (
				93A4A3777CF96A4AAC1D13BA6DCCEA73 /* Podfile */,
				BC3CA7F9E30CC8F7E2DD044DD34432FC /* Frameworks */,
				4C7DECB9505A3661801AB8D77F9249EF /* Pods */,
				2F9019D44CA6FCD20B689532058A3732 /* Products */,
				576325080FF35010DDF16C50991B2661 /* Targets Support Files */,
			);
			sourceTree = "<group>";
		};
		BC3CA7F9E30CC8F7E2DD044DD34432FC /* Frameworks */ = {
			isa = PBXGroup;
			children = (
				5E0D919E635D23B70123790B8308F8EF /* iOS */,
			);
			name = Frameworks;
			sourceTree = "<group>";
		};
/* End PBXGroup section */

/* Begin PBXHeadersBuildPhase section */
		D0F46C2284BAA2A0BCFEE43EB55494BD /* Headers */ = {
			isa = PBXHeadersBuildPhase;
			buildActionMask = 2147483647;
			files = (
				A27BADE283FD8C69D87093CCDDF1E6DA /* SideMenu-umbrella.h in Headers */,
			);
			runOnlyForDeploymentPostprocessing = 0;
		};
		FCEA0474A5D253D6DAE804566970195F /* Headers */ = {
			isa = PBXHeadersBuildPhase;
			buildActionMask = 2147483647;
			files = (
				BA8082C733E75B6AEFB08F29033F84A6 /* Pods-ARBusinessCard-umbrella.h in Headers */,
			);
			runOnlyForDeploymentPostprocessing = 0;
		};
/* End PBXHeadersBuildPhase section */

/* Begin PBXNativeTarget section */
		9E499A5825ACE1397E3BEEC01AB4C2F3 /* SideMenu */ = {
			isa = PBXNativeTarget;
			buildConfigurationList = 2A6CD4EA1D51EFA106F760BDA62420EA /* Build configuration list for PBXNativeTarget "SideMenu" */;
			buildPhases = (
				D0F46C2284BAA2A0BCFEE43EB55494BD /* Headers */,
				665028BB7CFAAAB781917FB552E07482 /* Sources */,
				5A8D7C2BAD8B5C35768BF8AA1ADF24C9 /* Frameworks */,
				5448128CF813AAC078EB278A204C1BAA /* Resources */,
			);
			buildRules = (
			);
			dependencies = (
			);
			name = SideMenu;
			productName = SideMenu;
			productReference = 4DA0D3C32AA7717A758C1742AA82D23A /* SideMenu.framework */;
			productType = "com.apple.product-type.framework";
		};
		B1128E3E384A4F47E217B230DBBA57A3 /* Pods-ARBusinessCard */ = {
			isa = PBXNativeTarget;
			buildConfigurationList = 434DF5B40BAC53274B2254EEFAB9BBBB /* Build configuration list for PBXNativeTarget "Pods-ARBusinessCard" */;
			buildPhases = (
				FCEA0474A5D253D6DAE804566970195F /* Headers */,
				7AF75665CBDE654AC7EC3BA5B384EE7C /* Sources */,
				3DDC86D9CB22F12FB64B6DFECFA7C417 /* Frameworks */,
				273E19A0E0E1A5BA100D7D42D2AF8C14 /* Resources */,
			);
			buildRules = (
			);
			dependencies = (
				7C1DCC293EB688A89C3E5A6BC26266B9 /* PBXTargetDependency */,
			);
			name = "Pods-ARBusinessCard";
			productName = "Pods-ARBusinessCard";
			productReference = AA614BFCCB934EEE277B7EDCCC69E059 /* Pods_ARBusinessCard.framework */;
			productType = "com.apple.product-type.framework";
		};
/* End PBXNativeTarget section */

/* Begin PBXProject section */
		D41D8CD98F00B204E9800998ECF8427E /* Project object */ = {
			isa = PBXProject;
			attributes = {
				LastSwiftUpdateCheck = 0930;
				LastUpgradeCheck = 0930;
				TargetAttributes = {
					9E499A5825ACE1397E3BEEC01AB4C2F3 = {
						LastSwiftMigration = 1000;
					};
				};
			};
			buildConfigurationList = 2D8E8EC45A3A1A1D94AE762CB5028504 /* Build configuration list for PBXProject "Pods" */;
			compatibilityVersion = "Xcode 3.2";
			developmentRegion = English;
			hasScannedForEncodings = 0;
			knownRegions = (
				en,
			);
			mainGroup = 7DB346D0F39D3F0E887471402A8071AB;
			productRefGroup = 2F9019D44CA6FCD20B689532058A3732 /* Products */;
			projectDirPath = "";
			projectRoot = "";
			targets = (
				B1128E3E384A4F47E217B230DBBA57A3 /* Pods-ARBusinessCard */,
				9E499A5825ACE1397E3BEEC01AB4C2F3 /* SideMenu */,
			);
		};
/* End PBXProject section */

/* Begin PBXResourcesBuildPhase section */
		273E19A0E0E1A5BA100D7D42D2AF8C14 /* Resources */ = {
			isa = PBXResourcesBuildPhase;
			buildActionMask = 2147483647;
			files = (
			);
			runOnlyForDeploymentPostprocessing = 0;
		};
		5448128CF813AAC078EB278A204C1BAA /* Resources */ = {
			isa = PBXResourcesBuildPhase;
			buildActionMask = 2147483647;
			files = (
			);
			runOnlyForDeploymentPostprocessing = 0;
		};
/* End PBXResourcesBuildPhase section */

/* Begin PBXSourcesBuildPhase section */
		665028BB7CFAAAB781917FB552E07482 /* Sources */ = {
			isa = PBXSourcesBuildPhase;
			buildActionMask = 2147483647;
			files = (
				59CCA553083CC109238D04A2A97D1A4C /* SideMenu-dummy.m in Sources */,
				7AE706938C3A796C954E4981ECBC4637 /* SideMenuManager.swift in Sources */,
				9817948367DE04628C88B92765B7F610 /* SideMenuTransition.swift in Sources */,
				2F5E5FC7D0E78D5FB96D7597AAB3802D /* UISideMenuNavigationController.swift in Sources */,
				2E049EDA0257DBB6A99D8B806AE2D4F3 /* UITableViewVibrantCell.swift in Sources */,
			);
			runOnlyForDeploymentPostprocessing = 0;
		};
		7AF75665CBDE654AC7EC3BA5B384EE7C /* Sources */ = {
			isa = PBXSourcesBuildPhase;
			buildActionMask = 2147483647;
			files = (
				5FAE6A5DC35D9AA138728913423D643E /* Pods-ARBusinessCard-dummy.m in Sources */,
			);
			runOnlyForDeploymentPostprocessing = 0;
		};
/* End PBXSourcesBuildPhase section */

/* Begin PBXTargetDependency section */
		7C1DCC293EB688A89C3E5A6BC26266B9 /* PBXTargetDependency */ = {
			isa = PBXTargetDependency;
			name = SideMenu;
			target = 9E499A5825ACE1397E3BEEC01AB4C2F3 /* SideMenu */;
			targetProxy = B5E794AB26C41175941E444F4258F90B /* PBXContainerItemProxy */;
		};
/* End PBXTargetDependency section */

/* Begin XCBuildConfiguration section */
		40B45BB3CF3EE4476259302A7FAAD78F /* Release */ = {
			isa = XCBuildConfiguration;
			buildSettings = {
				ALWAYS_SEARCH_USER_PATHS = NO;
				CLANG_ANALYZER_NONNULL = YES;
				CLANG_ANALYZER_NUMBER_OBJECT_CONVERSION = YES_AGGRESSIVE;
				CLANG_CXX_LANGUAGE_STANDARD = "gnu++14";
				CLANG_CXX_LIBRARY = "libc++";
				CLANG_ENABLE_MODULES = YES;
				CLANG_ENABLE_OBJC_ARC = YES;
				CLANG_ENABLE_OBJC_WEAK = YES;
				CLANG_WARN_BLOCK_CAPTURE_AUTORELEASING = YES;
				CLANG_WARN_BOOL_CONVERSION = YES;
				CLANG_WARN_COMMA = YES;
				CLANG_WARN_CONSTANT_CONVERSION = YES;
				CLANG_WARN_DEPRECATED_OBJC_IMPLEMENTATIONS = YES;
				CLANG_WARN_DIRECT_OBJC_ISA_USAGE = YES_ERROR;
				CLANG_WARN_DOCUMENTATION_COMMENTS = YES;
				CLANG_WARN_EMPTY_BODY = YES;
				CLANG_WARN_ENUM_CONVERSION = YES;
				CLANG_WARN_INFINITE_RECURSION = YES;
				CLANG_WARN_INT_CONVERSION = YES;
				CLANG_WARN_NON_LITERAL_NULL_CONVERSION = YES;
				CLANG_WARN_OBJC_IMPLICIT_RETAIN_SELF = YES;
				CLANG_WARN_OBJC_LITERAL_CONVERSION = YES;
				CLANG_WARN_OBJC_ROOT_CLASS = YES_ERROR;
				CLANG_WARN_RANGE_LOOP_ANALYSIS = YES;
				CLANG_WARN_STRICT_PROTOTYPES = YES;
				CLANG_WARN_SUSPICIOUS_MOVE = YES;
				CLANG_WARN_UNGUARDED_AVAILABILITY = YES_AGGRESSIVE;
				CLANG_WARN_UNREACHABLE_CODE = YES;
				CLANG_WARN__DUPLICATE_METHOD_MATCH = YES;
				CODE_SIGNING_ALLOWED = NO;
				CODE_SIGNING_REQUIRED = NO;
				COPY_PHASE_STRIP = NO;
				DEBUG_INFORMATION_FORMAT = "dwarf-with-dsym";
				ENABLE_NS_ASSERTIONS = NO;
				ENABLE_STRICT_OBJC_MSGSEND = YES;
				GCC_C_LANGUAGE_STANDARD = gnu11;
				GCC_NO_COMMON_BLOCKS = YES;
				GCC_PREPROCESSOR_DEFINITIONS = (
					"POD_CONFIGURATION_RELEASE=1",
					"$(inherited)",
				);
				GCC_WARN_64_TO_32_BIT_CONVERSION = YES;
				GCC_WARN_ABOUT_RETURN_TYPE = YES_ERROR;
				GCC_WARN_UNDECLARED_SELECTOR = YES;
				GCC_WARN_UNINITIALIZED_AUTOS = YES_AGGRESSIVE;
				GCC_WARN_UNUSED_FUNCTION = YES;
				GCC_WARN_UNUSED_VARIABLE = YES;
				IPHONEOS_DEPLOYMENT_TARGET = 12.0;
				MTL_ENABLE_DEBUG_INFO = NO;
				MTL_FAST_MATH = YES;
				PRODUCT_NAME = "$(TARGET_NAME)";
				STRIP_INSTALLED_PRODUCT = NO;
				SYMROOT = "${SRCROOT}/../build";
			};
			name = Release;
		};
		48A9FFE68B787771218AA5D3641AF96A /* Release */ = {
			isa = XCBuildConfiguration;
			baseConfigurationReference = B6379EE963F9B3283A7611559B58B944 /* Pods-ARBusinessCard.release.xcconfig */;
			buildSettings = {
				ALWAYS_EMBED_SWIFT_STANDARD_LIBRARIES = NO;
				CLANG_ENABLE_OBJC_WEAK = NO;
				CODE_SIGN_IDENTITY = "";
				"CODE_SIGN_IDENTITY[sdk=appletvos*]" = "";
				"CODE_SIGN_IDENTITY[sdk=iphoneos*]" = "";
				"CODE_SIGN_IDENTITY[sdk=watchos*]" = "";
				CURRENT_PROJECT_VERSION = 1;
				DEFINES_MODULE = YES;
				DYLIB_COMPATIBILITY_VERSION = 1;
				DYLIB_CURRENT_VERSION = 1;
				DYLIB_INSTALL_NAME_BASE = "@rpath";
				INFOPLIST_FILE = "Target Support Files/Pods-ARBusinessCard/Info.plist";
				INSTALL_PATH = "$(LOCAL_LIBRARY_DIR)/Frameworks";
				IPHONEOS_DEPLOYMENT_TARGET = 12.0;
				LD_RUNPATH_SEARCH_PATHS = "$(inherited) @executable_path/Frameworks @loader_path/Frameworks";
				MACH_O_TYPE = staticlib;
				MODULEMAP_FILE = "Target Support Files/Pods-ARBusinessCard/Pods-ARBusinessCard.modulemap";
				OTHER_LDFLAGS = "";
				OTHER_LIBTOOLFLAGS = "";
				PODS_ROOT = "$(SRCROOT)";
				PRODUCT_BUNDLE_IDENTIFIER = "org.cocoapods.${PRODUCT_NAME:rfc1034identifier}";
				PRODUCT_NAME = "$(TARGET_NAME:c99extidentifier)";
				SDKROOT = iphoneos;
				SKIP_INSTALL = YES;
				SWIFT_OPTIMIZATION_LEVEL = "-Owholemodule";
				TARGETED_DEVICE_FAMILY = "1,2";
				VALIDATE_PRODUCT = YES;
				VERSIONING_SYSTEM = "apple-generic";
				VERSION_INFO_PREFIX = "";
			};
			name = Release;
		};
		5409905083ED1B5B62324DF124E4DB89 /* Debug */ = {
			isa = XCBuildConfiguration;
			baseConfigurationReference = F6A324E319F34D41C7D0ED3E277A50CD /* SideMenu.xcconfig */;
			buildSettings = {
				CODE_SIGN_IDENTITY = "";
				"CODE_SIGN_IDENTITY[sdk=appletvos*]" = "";
				"CODE_SIGN_IDENTITY[sdk=iphoneos*]" = "";
				"CODE_SIGN_IDENTITY[sdk=watchos*]" = "";
				CURRENT_PROJECT_VERSION = 1;
				DEFINES_MODULE = YES;
				DYLIB_COMPATIBILITY_VERSION = 1;
				DYLIB_CURRENT_VERSION = 1;
				DYLIB_INSTALL_NAME_BASE = "@rpath";
				GCC_PREFIX_HEADER = "Target Support Files/SideMenu/SideMenu-prefix.pch";
				INFOPLIST_FILE = "Target Support Files/SideMenu/Info.plist";
				INSTALL_PATH = "$(LOCAL_LIBRARY_DIR)/Frameworks";
				IPHONEOS_DEPLOYMENT_TARGET = 8.0;
				LD_RUNPATH_SEARCH_PATHS = "$(inherited) @executable_path/Frameworks @loader_path/Frameworks";
				MODULEMAP_FILE = "Target Support Files/SideMenu/SideMenu.modulemap";
				PRODUCT_MODULE_NAME = SideMenu;
				PRODUCT_NAME = SideMenu;
				SDKROOT = iphoneos;
				SKIP_INSTALL = YES;
				SWIFT_ACTIVE_COMPILATION_CONDITIONS = "$(inherited) ";
				SWIFT_OPTIMIZATION_LEVEL = "-Onone";
				SWIFT_VERSION = 4.2;
				TARGETED_DEVICE_FAMILY = "1,2";
				VERSIONING_SYSTEM = "apple-generic";
				VERSION_INFO_PREFIX = "";
			};
			name = Debug;
		};
		85A412C21DAA6379A2C17A6A3C9349E3 /* Release */ = {
			isa = XCBuildConfiguration;
			baseConfigurationReference = F6A324E319F34D41C7D0ED3E277A50CD /* SideMenu.xcconfig */;
			buildSettings = {
				CODE_SIGN_IDENTITY = "";
				"CODE_SIGN_IDENTITY[sdk=appletvos*]" = "";
				"CODE_SIGN_IDENTITY[sdk=iphoneos*]" = "";
				"CODE_SIGN_IDENTITY[sdk=watchos*]" = "";
				CURRENT_PROJECT_VERSION = 1;
				DEFINES_MODULE = YES;
				DYLIB_COMPATIBILITY_VERSION = 1;
				DYLIB_CURRENT_VERSION = 1;
				DYLIB_INSTALL_NAME_BASE = "@rpath";
				GCC_PREFIX_HEADER = "Target Support Files/SideMenu/SideMenu-prefix.pch";
				INFOPLIST_FILE = "Target Support Files/SideMenu/Info.plist";
				INSTALL_PATH = "$(LOCAL_LIBRARY_DIR)/Frameworks";
				IPHONEOS_DEPLOYMENT_TARGET = 8.0;
				LD_RUNPATH_SEARCH_PATHS = "$(inherited) @executable_path/Frameworks @loader_path/Frameworks";
				MODULEMAP_FILE = "Target Support Files/SideMenu/SideMenu.modulemap";
				PRODUCT_MODULE_NAME = SideMenu;
				PRODUCT_NAME = SideMenu;
				SDKROOT = iphoneos;
				SKIP_INSTALL = YES;
				SWIFT_ACTIVE_COMPILATION_CONDITIONS = "$(inherited) ";
				SWIFT_OPTIMIZATION_LEVEL = "-Owholemodule";
				SWIFT_VERSION = 4.2;
				TARGETED_DEVICE_FAMILY = "1,2";
				VALIDATE_PRODUCT = YES;
				VERSIONING_SYSTEM = "apple-generic";
				VERSION_INFO_PREFIX = "";
			};
			name = Release;
		};
		85ED3013A635C27F8B7FAF51362B108C /* Debug */ = {
			isa = XCBuildConfiguration;
			buildSettings = {
				ALWAYS_SEARCH_USER_PATHS = NO;
				CLANG_ANALYZER_NONNULL = YES;
				CLANG_ANALYZER_NUMBER_OBJECT_CONVERSION = YES_AGGRESSIVE;
				CLANG_CXX_LANGUAGE_STANDARD = "gnu++14";
				CLANG_CXX_LIBRARY = "libc++";
				CLANG_ENABLE_MODULES = YES;
				CLANG_ENABLE_OBJC_ARC = YES;
				CLANG_ENABLE_OBJC_WEAK = YES;
				CLANG_WARN_BLOCK_CAPTURE_AUTORELEASING = YES;
				CLANG_WARN_BOOL_CONVERSION = YES;
				CLANG_WARN_COMMA = YES;
				CLANG_WARN_CONSTANT_CONVERSION = YES;
				CLANG_WARN_DEPRECATED_OBJC_IMPLEMENTATIONS = YES;
				CLANG_WARN_DIRECT_OBJC_ISA_USAGE = YES_ERROR;
				CLANG_WARN_DOCUMENTATION_COMMENTS = YES;
				CLANG_WARN_EMPTY_BODY = YES;
				CLANG_WARN_ENUM_CONVERSION = YES;
				CLANG_WARN_INFINITE_RECURSION = YES;
				CLANG_WARN_INT_CONVERSION = YES;
				CLANG_WARN_NON_LITERAL_NULL_CONVERSION = YES;
				CLANG_WARN_OBJC_IMPLICIT_RETAIN_SELF = YES;
				CLANG_WARN_OBJC_LITERAL_CONVERSION = YES;
				CLANG_WARN_OBJC_ROOT_CLASS = YES_ERROR;
				CLANG_WARN_RANGE_LOOP_ANALYSIS = YES;
				CLANG_WARN_STRICT_PROTOTYPES = YES;
				CLANG_WARN_SUSPICIOUS_MOVE = YES;
				CLANG_WARN_UNGUARDED_AVAILABILITY = YES_AGGRESSIVE;
				CLANG_WARN_UNREACHABLE_CODE = YES;
				CLANG_WARN__DUPLICATE_METHOD_MATCH = YES;
				CODE_SIGNING_ALLOWED = NO;
				CODE_SIGNING_REQUIRED = NO;
				COPY_PHASE_STRIP = NO;
				DEBUG_INFORMATION_FORMAT = dwarf;
				ENABLE_STRICT_OBJC_MSGSEND = YES;
				ENABLE_TESTABILITY = YES;
				GCC_C_LANGUAGE_STANDARD = gnu11;
				GCC_DYNAMIC_NO_PIC = NO;
				GCC_NO_COMMON_BLOCKS = YES;
				GCC_OPTIMIZATION_LEVEL = 0;
				GCC_PREPROCESSOR_DEFINITIONS = (
					"POD_CONFIGURATION_DEBUG=1",
					"DEBUG=1",
					"$(inherited)",
				);
				GCC_WARN_64_TO_32_BIT_CONVERSION = YES;
				GCC_WARN_ABOUT_RETURN_TYPE = YES_ERROR;
				GCC_WARN_UNDECLARED_SELECTOR = YES;
				GCC_WARN_UNINITIALIZED_AUTOS = YES_AGGRESSIVE;
				GCC_WARN_UNUSED_FUNCTION = YES;
				GCC_WARN_UNUSED_VARIABLE = YES;
				IPHONEOS_DEPLOYMENT_TARGET = 12.0;
				MTL_ENABLE_DEBUG_INFO = INCLUDE_SOURCE;
				MTL_FAST_MATH = YES;
				ONLY_ACTIVE_ARCH = YES;
				PRODUCT_NAME = "$(TARGET_NAME)";
				STRIP_INSTALLED_PRODUCT = NO;
				SWIFT_ACTIVE_COMPILATION_CONDITIONS = DEBUG;
				SYMROOT = "${SRCROOT}/../build";
			};
			name = Debug;
		};
		FB26F2D5B1C730C5B3F4DEC6105DBC86 /* Debug */ = {
			isa = XCBuildConfiguration;
			baseConfigurationReference = 3FD8D8C43C51D1752D0C671C09185F62 /* Pods-ARBusinessCard.debug.xcconfig */;
			buildSettings = {
				ALWAYS_EMBED_SWIFT_STANDARD_LIBRARIES = NO;
				CLANG_ENABLE_OBJC_WEAK = NO;
				CODE_SIGN_IDENTITY = "";
				"CODE_SIGN_IDENTITY[sdk=appletvos*]" = "";
				"CODE_SIGN_IDENTITY[sdk=iphoneos*]" = "";
				"CODE_SIGN_IDENTITY[sdk=watchos*]" = "";
				CURRENT_PROJECT_VERSION = 1;
				DEFINES_MODULE = YES;
				DYLIB_COMPATIBILITY_VERSION = 1;
				DYLIB_CURRENT_VERSION = 1;
				DYLIB_INSTALL_NAME_BASE = "@rpath";
				INFOPLIST_FILE = "Target Support Files/Pods-ARBusinessCard/Info.plist";
				INSTALL_PATH = "$(LOCAL_LIBRARY_DIR)/Frameworks";
				IPHONEOS_DEPLOYMENT_TARGET = 12.0;
				LD_RUNPATH_SEARCH_PATHS = "$(inherited) @executable_path/Frameworks @loader_path/Frameworks";
				MACH_O_TYPE = staticlib;
				MODULEMAP_FILE = "Target Support Files/Pods-ARBusinessCard/Pods-ARBusinessCard.modulemap";
				OTHER_LDFLAGS = "";
				OTHER_LIBTOOLFLAGS = "";
				PODS_ROOT = "$(SRCROOT)";
				PRODUCT_BUNDLE_IDENTIFIER = "org.cocoapods.${PRODUCT_NAME:rfc1034identifier}";
				PRODUCT_NAME = "$(TARGET_NAME:c99extidentifier)";
				SDKROOT = iphoneos;
				SKIP_INSTALL = YES;
				SWIFT_ACTIVE_COMPILATION_CONDITIONS = DEBUG;
				SWIFT_OPTIMIZATION_LEVEL = "-Onone";
				TARGETED_DEVICE_FAMILY = "1,2";
				VERSIONING_SYSTEM = "apple-generic";
				VERSION_INFO_PREFIX = "";
			};
			name = Debug;
		};
/* End XCBuildConfiguration section */

/* Begin XCConfigurationList section */
		2A6CD4EA1D51EFA106F760BDA62420EA /* Build configuration list for PBXNativeTarget "SideMenu" */ = {
			isa = XCConfigurationList;
			buildConfigurations = (
				5409905083ED1B5B62324DF124E4DB89 /* Debug */,
				85A412C21DAA6379A2C17A6A3C9349E3 /* Release */,
			);
			defaultConfigurationIsVisible = 0;
			defaultConfigurationName = Release;
		};
		2D8E8EC45A3A1A1D94AE762CB5028504 /* Build configuration list for PBXProject "Pods" */ = {
			isa = XCConfigurationList;
			buildConfigurations = (
				85ED3013A635C27F8B7FAF51362B108C /* Debug */,
				40B45BB3CF3EE4476259302A7FAAD78F /* Release */,
			);
			defaultConfigurationIsVisible = 0;
			defaultConfigurationName = Release;
		};
		434DF5B40BAC53274B2254EEFAB9BBBB /* Build configuration list for PBXNativeTarget "Pods-ARBusinessCard" */ = {
			isa = XCConfigurationList;
			buildConfigurations = (
				FB26F2D5B1C730C5B3F4DEC6105DBC86 /* Debug */,
				48A9FFE68B787771218AA5D3641AF96A /* Release */,
			);
			defaultConfigurationIsVisible = 0;
			defaultConfigurationName = Release;
		};
/* End XCConfigurationList section */
	};
	rootObject = D41D8CD98F00B204E9800998ECF8427E /* Project object */;
}
